// !$*UTF8*$!
{
	archiveVersion = 1;
	classes = {
	};
	objectVersion = 46;
	objects = {

/* Begin PBXBuildFile section */
		146342C71C18637100BED3D5 /* main.m in Sources */ = {isa = PBXBuildFile; fileRef = 146342C61C18637100BED3D5 /* main.m */; };
		146342CA1C18637100BED3D5 /* AppDelegate.m in Sources */ = {isa = PBXBuildFile; fileRef = 146342C91C18637100BED3D5 /* AppDelegate.m */; };
		146342D01C18637100BED3D5 /* Main.storyboard in Resources */ = {isa = PBXBuildFile; fileRef = 146342CE1C18637100BED3D5 /* Main.storyboard */; };
		146342D21C18637100BED3D5 /* Assets.xcassets in Resources */ = {isa = PBXBuildFile; fileRef = 146342D11C18637100BED3D5 /* Assets.xcassets */; };
		146342D51C18637100BED3D5 /* LaunchScreen.storyboard in Resources */ = {isa = PBXBuildFile; fileRef = 146342D31C18637100BED3D5 /* LaunchScreen.storyboard */; };
		146342E01C18637100BED3D5 /* UITestDemoUITests.m in Sources */ = {isa = PBXBuildFile; fileRef = 146342DF1C18637100BED3D5 /* UITestDemoUITests.m */; };
		146342EC1C18652700BED3D5 /* StartViewController.m in Sources */ = {isa = PBXBuildFile; fileRef = 146342EB1C18652700BED3D5 /* StartViewController.m */; };
		146342EF1C18674F00BED3D5 /* LoginViewController.m in Sources */ = {isa = PBXBuildFile; fileRef = 146342EE1C18674F00BED3D5 /* LoginViewController.m */; };
		146342F41C186A0D00BED3D5 /* WelcomeViewController.m in Sources */ = {isa = PBXBuildFile; fileRef = 146342F31C186A0D00BED3D5 /* WelcomeViewController.m */; };
		146342F81C186C9600BED3D5 /* ParseManager.m in Sources */ = {isa = PBXBuildFile; fileRef = 146342F71C186C9600BED3D5 /* ParseManager.m */; };
/* End PBXBuildFile section */

/* Begin PBXContainerItemProxy section */
		146342DC1C18637100BED3D5 /* PBXContainerItemProxy */ = {
			isa = PBXContainerItemProxy;
			containerPortal = 146342BA1C18637100BED3D5 /* Project object */;
			proxyType = 1;
			remoteGlobalIDString = 146342C11C18637100BED3D5;
			remoteInfo = UITestDemo;
		};
/* End PBXContainerItemProxy section */

/* Begin PBXFileReference section */
		146342C21C18637100BED3D5 /* UITestDemo.app */ = {isa = PBXFileReference; explicitFileType = wrapper.application; includeInIndex = 0; path = UITestDemo.app; sourceTree = BUILT_PRODUCTS_DIR; };
		146342C61C18637100BED3D5 /* main.m */ = {isa = PBXFileReference; lastKnownFileType = sourcecode.c.objc; path = main.m; sourceTree = "<group>"; };
		146342C81C18637100BED3D5 /* AppDelegate.h */ = {isa = PBXFileReference; lastKnownFileType = sourcecode.c.h; path = AppDelegate.h; sourceTree = "<group>"; };
		146342C91C18637100BED3D5 /* AppDelegate.m */ = {isa = PBXFileReference; lastKnownFileType = sourcecode.c.objc; path = AppDelegate.m; sourceTree = "<group>"; };
		146342CF1C18637100BED3D5 /* Base */ = {isa = PBXFileReference; lastKnownFileType = file.storyboard; name = Base; path = Base.lproj/Main.storyboard; sourceTree = "<group>"; };
		146342D11C18637100BED3D5 /* Assets.xcassets */ = {isa = PBXFileReference; lastKnownFileType = folder.assetcatalog; path = Assets.xcassets; sourceTree = "<group>"; };
		146342D41C18637100BED3D5 /* Base */ = {isa = PBXFileReference; lastKnownFileType = file.storyboard; name = Base; path = Base.lproj/LaunchScreen.storyboard; sourceTree = "<group>"; };
		146342D61C18637100BED3D5 /* Info.plist */ = {isa = PBXFileReference; lastKnownFileType = text.plist.xml; path = Info.plist; sourceTree = "<group>"; };
		146342DB1C18637100BED3D5 /* UITestDemoUITests.xctest */ = {isa = PBXFileReference; explicitFileType = wrapper.cfbundle; includeInIndex = 0; path = UITestDemoUITests.xctest; sourceTree = BUILT_PRODUCTS_DIR; };
		146342DF1C18637100BED3D5 /* UITestDemoUITests.m */ = {isa = PBXFileReference; lastKnownFileType = sourcecode.c.objc; path = UITestDemoUITests.m; sourceTree = "<group>"; };
		146342E11C18637100BED3D5 /* Info.plist */ = {isa = PBXFileReference; lastKnownFileType = text.plist.xml; path = Info.plist; sourceTree = "<group>"; };
		146342EA1C18652700BED3D5 /* StartViewController.h */ = {isa = PBXFileReference; fileEncoding = 4; lastKnownFileType = sourcecode.c.h; name = StartViewController.h; path = Controllers/StartViewController/StartViewController.h; sourceTree = "<group>"; };
		146342EB1C18652700BED3D5 /* StartViewController.m */ = {isa = PBXFileReference; fileEncoding = 4; lastKnownFileType = sourcecode.c.objc; name = StartViewController.m; path = Controllers/StartViewController/StartViewController.m; sourceTree = "<group>"; };
		146342ED1C18674F00BED3D5 /* LoginViewController.h */ = {isa = PBXFileReference; fileEncoding = 4; lastKnownFileType = sourcecode.c.h; name = LoginViewController.h; path = Controllers/LoginViewController/LoginViewController.h; sourceTree = "<group>"; };
		146342EE1C18674F00BED3D5 /* LoginViewController.m */ = {isa = PBXFileReference; fileEncoding = 4; lastKnownFileType = sourcecode.c.objc; name = LoginViewController.m; path = Controllers/LoginViewController/LoginViewController.m; sourceTree = "<group>"; };
		146342F21C186A0D00BED3D5 /* WelcomeViewController.h */ = {isa = PBXFileReference; fileEncoding = 4; lastKnownFileType = sourcecode.c.h; name = WelcomeViewController.h; path = Controllers/WelcomeViewController/WelcomeViewController.h; sourceTree = "<group>"; };
		146342F31C186A0D00BED3D5 /* WelcomeViewController.m */ = {isa = PBXFileReference; fileEncoding = 4; lastKnownFileType = sourcecode.c.objc; name = WelcomeViewController.m; path = Controllers/WelcomeViewController/WelcomeViewController.m; sourceTree = "<group>"; };
		146342F61C186C9600BED3D5 /* ParseManager.h */ = {isa = PBXFileReference; fileEncoding = 4; lastKnownFileType = sourcecode.c.h; path = ParseManager.h; sourceTree = "<group>"; };
		146342F71C186C9600BED3D5 /* ParseManager.m */ = {isa = PBXFileReference; fileEncoding = 4; lastKnownFileType = sourcecode.c.objc; path = ParseManager.m; sourceTree = "<group>"; };
		146342FA1C186D6700BED3D5 /* Constants.h */ = {isa = PBXFileReference; fileEncoding = 4; lastKnownFileType = sourcecode.c.h; path = Constants.h; sourceTree = "<group>"; };
/* End PBXFileReference section */

/* Begin PBXFrameworksBuildPhase section */
		146342BF1C18637100BED3D5 /* Frameworks */ = {
			isa = PBXFrameworksBuildPhase;
			buildActionMask = 2147483647;
			files = (
			);
			runOnlyForDeploymentPostprocessing = 0;
		};
		146342D81C18637100BED3D5 /* Frameworks */ = {
			isa = PBXFrameworksBuildPhase;
			buildActionMask = 2147483647;
			files = (
			);
			runOnlyForDeploymentPostprocessing = 0;
		};
/* End PBXFrameworksBuildPhase section */

/* Begin PBXGroup section */
		146342B91C18637100BED3D5 = {
			isa = PBXGroup;
			children = (
				146342C41C18637100BED3D5 /* UITestDemo */,
				146342DE1C18637100BED3D5 /* UITestDemoUITests */,
				146342C31C18637100BED3D5 /* Products */,
			);
			sourceTree = "<group>";
		};
		146342C31C18637100BED3D5 /* Products */ = {
			isa = PBXGroup;
			children = (
				146342C21C18637100BED3D5 /* UITestDemo.app */,
				146342DB1C18637100BED3D5 /* UITestDemoUITests.xctest */,
			);
			name = Products;
			sourceTree = "<group>";
		};
		146342C41C18637100BED3D5 /* UITestDemo */ = {
			isa = PBXGroup;
			children = (
				146342C81C18637100BED3D5 /* AppDelegate.h */,
				146342C91C18637100BED3D5 /* AppDelegate.m */,
				146342F11C18675C00BED3D5 /* StartViewController */,
				146342F01C18675500BED3D5 /* LoginViewController */,
				146342F51C186A1700BED3D5 /* WelcomeViewController */,
				146342F91C186CA000BED3D5 /* ParseManager */,
				146342FA1C186D6700BED3D5 /* Constants.h */,
				146342CE1C18637100BED3D5 /* Main.storyboard */,
				146342D11C18637100BED3D5 /* Assets.xcassets */,
				146342D31C18637100BED3D5 /* LaunchScreen.storyboard */,
				146342D61C18637100BED3D5 /* Info.plist */,
				146342C51C18637100BED3D5 /* Supporting Files */,
			);
			path = UITestDemo;
			sourceTree = "<group>";
		};
		146342C51C18637100BED3D5 /* Supporting Files */ = {
			isa = PBXGroup;
			children = (
				146342C61C18637100BED3D5 /* main.m */,
			);
			name = "Supporting Files";
			sourceTree = "<group>";
		};
		146342DE1C18637100BED3D5 /* UITestDemoUITests */ = {
			isa = PBXGroup;
			children = (
				146342DF1C18637100BED3D5 /* UITestDemoUITests.m */,
				146342E11C18637100BED3D5 /* Info.plist */,
			);
			path = UITestDemoUITests;
			sourceTree = "<group>";
		};
		146342F01C18675500BED3D5 /* LoginViewController */ = {
			isa = PBXGroup;
			children = (
				146342ED1C18674F00BED3D5 /* LoginViewController.h */,
				146342EE1C18674F00BED3D5 /* LoginViewController.m */,
			);
			name = LoginViewController;
			sourceTree = "<group>";
		};
		146342F11C18675C00BED3D5 /* StartViewController */ = {
			isa = PBXGroup;
			children = (
				146342EA1C18652700BED3D5 /* StartViewController.h */,
				146342EB1C18652700BED3D5 /* StartViewController.m */,
			);
			name = StartViewController;
			sourceTree = "<group>";
		};
		146342F51C186A1700BED3D5 /* WelcomeViewController */ = {
			isa = PBXGroup;
			children = (
				146342F21C186A0D00BED3D5 /* WelcomeViewController.h */,
				146342F31C186A0D00BED3D5 /* WelcomeViewController.m */,
			);
			name = WelcomeViewController;
			sourceTree = "<group>";
		};
		146342F91C186CA000BED3D5 /* ParseManager */ = {
			isa = PBXGroup;
			children = (
				146342F61C186C9600BED3D5 /* ParseManager.h */,
				146342F71C186C9600BED3D5 /* ParseManager.m */,
			);
			name = ParseManager;
			sourceTree = "<group>";
		};
/* End PBXGroup section */

/* Begin PBXNativeTarget section */
		146342C11C18637100BED3D5 /* UITestDemo */ = {
			isa = PBXNativeTarget;
			buildConfigurationList = 146342E41C18637100BED3D5 /* Build configuration list for PBXNativeTarget "UITestDemo" */;
			buildPhases = (
				146342BE1C18637100BED3D5 /* Sources */,
				146342BF1C18637100BED3D5 /* Frameworks */,
				146342C01C18637100BED3D5 /* Resources */,
			);
			buildRules = (
			);
			dependencies = (
			);
			name = UITestDemo;
			productName = UITestDemo;
			productReference = 146342C21C18637100BED3D5 /* UITestDemo.app */;
			productType = "com.apple.product-type.application";
		};
		146342DA1C18637100BED3D5 /* UITestDemoUITests */ = {
			isa = PBXNativeTarget;
			buildConfigurationList = 146342E71C18637100BED3D5 /* Build configuration list for PBXNativeTarget "UITestDemoUITests" */;
			buildPhases = (
				146342D71C18637100BED3D5 /* Sources */,
				146342D81C18637100BED3D5 /* Frameworks */,
				146342D91C18637100BED3D5 /* Resources */,
			);
			buildRules = (
			);
			dependencies = (
				146342DD1C18637100BED3D5 /* PBXTargetDependency */,
			);
			name = UITestDemoUITests;
			productName = UITestDemoUITests;
			productReference = 146342DB1C18637100BED3D5 /* UITestDemoUITests.xctest */;
			productType = "com.apple.product-type.bundle.ui-testing";
		};
/* End PBXNativeTarget section */

/* Begin PBXProject section */
		146342BA1C18637100BED3D5 /* Project object */ = {
			isa = PBXProject;
			attributes = {
				LastUpgradeCheck = 0710;
				ORGANIZATIONNAME = "Oleg Vishnivetskiy";
				TargetAttributes = {
					146342C11C18637100BED3D5 = {
						CreatedOnToolsVersion = 7.1.1;
					};
					146342DA1C18637100BED3D5 = {
						CreatedOnToolsVersion = 7.1.1;
						TestTargetID = 146342C11C18637100BED3D5;
					};
				};
			};
			buildConfigurationList = 146342BD1C18637100BED3D5 /* Build configuration list for PBXProject "UITestDemo" */;
			compatibilityVersion = "Xcode 3.2";
			developmentRegion = English;
			hasScannedForEncodings = 0;
			knownRegions = (
				en,
				Base,
			);
			mainGroup = 146342B91C18637100BED3D5;
			productRefGroup = 146342C31C18637100BED3D5 /* Products */;
			projectDirPath = "";
			projectRoot = "";
			targets = (
				146342C11C18637100BED3D5 /* UITestDemo */,
				146342DA1C18637100BED3D5 /* UITestDemoUITests */,
			);
		};
/* End PBXProject section */

/* Begin PBXResourcesBuildPhase section */
		146342C01C18637100BED3D5 /* Resources */ = {
			isa = PBXResourcesBuildPhase;
			buildActionMask = 2147483647;
			files = (
				146342D51C18637100BED3D5 /* LaunchScreen.storyboard in Resources */,
				146342D21C18637100BED3D5 /* Assets.xcassets in Resources */,
				146342D01C18637100BED3D5 /* Main.storyboard in Resources */,
			);
			runOnlyForDeploymentPostprocessing = 0;
		};
		146342D91C18637100BED3D5 /* Resources */ = {
			isa = PBXResourcesBuildPhase;
			buildActionMask = 2147483647;
			files = (
			);
			runOnlyForDeploymentPostprocessing = 0;
		};
/* End PBXResourcesBuildPhase section */

/* Begin PBXSourcesBuildPhase section */
		146342BE1C18637100BED3D5 /* Sources */ = {
			isa = PBXSourcesBuildPhase;
			buildActionMask = 2147483647;
			files = (
				146342F41C186A0D00BED3D5 /* WelcomeViewController.m in Sources */,
				146342EF1C18674F00BED3D5 /* LoginViewController.m in Sources */,
				146342EC1C18652700BED3D5 /* StartViewController.m in Sources */,
				146342F81C186C9600BED3D5 /* ParseManager.m in Sources */,
				146342CA1C18637100BED3D5 /* AppDelegate.m in Sources */,
				146342C71C18637100BED3D5 /* main.m in Sources */,
			);
			runOnlyForDeploymentPostprocessing = 0;
		};
		146342D71C18637100BED3D5 /* Sources */ = {
			isa = PBXSourcesBuildPhase;
			buildActionMask = 2147483647;
			files = (
				146342E01C18637100BED3D5 /* UITestDemoUITests.m in Sources */,
			);
			runOnlyForDeploymentPostprocessing = 0;
		};
/* End PBXSourcesBuildPhase section */

/* Begin PBXTargetDependency section */
		146342DD1C18637100BED3D5 /* PBXTargetDependency */ = {
			isa = PBXTargetDependency;
			target = 146342C11C18637100BED3D5 /* UITestDemo */;
			targetProxy = 146342DC1C18637100BED3D5 /* PBXContainerItemProxy */;
		};
/* End PBXTargetDependency section */

/* Begin PBXVariantGroup section */
		146342CE1C18637100BED3D5 /* Main.storyboard */ = {
			isa = PBXVariantGroup;
			children = (
				146342CF1C18637100BED3D5 /* Base */,
			);
			name = Main.storyboard;
			sourceTree = "<group>";
		};
		146342D31C18637100BED3D5 /* LaunchScreen.storyboard */ = {
			isa = PBXVariantGroup;
			children = (
				146342D41C18637100BED3D5 /* Base */,
			);
			name = LaunchScreen.storyboard;
			sourceTree = "<group>";
		};
/* End PBXVariantGroup section */

/* Begin XCBuildConfiguration section */
		146342E21C18637100BED3D5 /* Debug */ = {
			isa = XCBuildConfiguration;
			buildSettings = {
				ALWAYS_SEARCH_USER_PATHS = NO;
				CLANG_CXX_LANGUAGE_STANDARD = "gnu++0x";
				CLANG_CXX_LIBRARY = "libc++";
				CLANG_ENABLE_MODULES = YES;
				CLANG_ENABLE_OBJC_ARC = YES;
				CLANG_WARN_BOOL_CONVERSION = YES;
				CLANG_WARN_CONSTANT_CONVERSION = YES;
				CLANG_WARN_DIRECT_OBJC_ISA_USAGE = YES_ERROR;
				CLANG_WARN_EMPTY_BODY = YES;
				CLANG_WARN_ENUM_CONVERSION = YES;
				CLANG_WARN_INT_CONVERSION = YES;
				CLANG_WARN_OBJC_ROOT_CLASS = YES_ERROR;
				CLANG_WARN_UNREACHABLE_CODE = YES;
				CLANG_WARN__DUPLICATE_METHOD_MATCH = YES;
				"CODE_SIGN_IDENTITY[sdk=iphoneos*]" = "iPhone Developer";
				COPY_PHASE_STRIP = NO;
				DEBUG_INFORMATION_FORMAT = dwarf;
				ENABLE_STRICT_OBJC_MSGSEND = YES;
				ENABLE_TESTABILITY = YES;
				GCC_C_LANGUAGE_STANDARD = gnu99;
				GCC_DYNAMIC_NO_PIC = NO;
				GCC_NO_COMMON_BLOCKS = YES;
				GCC_OPTIMIZATION_LEVEL = 0;
				GCC_PREPROCESSOR_DEFINITIONS = (
					"DEBUG=1",
					"$(inherited)",
				);
				GCC_WARN_64_TO_32_BIT_CONVERSION = YES;
				GCC_WARN_ABOUT_RETURN_TYPE = YES_ERROR;
				GCC_WARN_UNDECLARED_SELECTOR = YES;
				GCC_WARN_UNINITIALIZED_AUTOS = YES_AGGRESSIVE;
				GCC_WARN_UNUSED_FUNCTION = YES;
				GCC_WARN_UNUSED_VARIABLE = YES;
				IPHONEOS_DEPLOYMENT_TARGET = 9.1;
				MTL_ENABLE_DEBUG_INFO = YES;
				ONLY_ACTIVE_ARCH = YES;
				SDKROOT = iphoneos;
				TARGETED_DEVICE_FAMILY = "1,2";
			};
			name = Debug;
		};
		146342E31C18637100BED3D5 /* Release */ = {
			isa = XCBuildConfiguration;
			buildSettings = {
				ALWAYS_SEARCH_USER_PATHS = NO;
				CLANG_CXX_LANGUAGE_STANDARD = "gnu++0x";
				CLANG_CXX_LIBRARY = "libc++";
				CLANG_ENABLE_MODULES = YES;
				CLANG_ENABLE_OBJC_ARC = YES;
				CLANG_WARN_BOOL_CONVERSION = YES;
				CLANG_WARN_CONSTANT_CONVERSION = YES;
				CLANG_WARN_DIRECT_OBJC_ISA_USAGE = YES_ERROR;
				CLANG_WARN_EMPTY_BODY = YES;
				CLANG_WARN_ENUM_CONVERSION = YES;
				CLANG_WARN_INT_CONVERSION = YES;
				CLANG_WARN_OBJC_ROOT_CLASS = YES_ERROR;
				CLANG_WARN_UNREACHABLE_CODE = YES;
				CLANG_WARN__DUPLICATE_METHOD_MATCH = YES;
				"CODE_SIGN_IDENTITY[sdk=iphoneos*]" = "iPhone Developer";
				COPY_PHASE_STRIP = NO;
				DEBUG_INFORMATION_FORMAT = "dwarf-with-dsym";
				ENABLE_NS_ASSERTIONS = NO;
				ENABLE_STRICT_OBJC_MSGSEND = YES;
				GCC_C_LANGUAGE_STANDARD = gnu99;
				GCC_NO_COMMON_BLOCKS = YES;
				GCC_WARN_64_TO_32_BIT_CONVERSION = YES;
				GCC_WARN_ABOUT_RETURN_TYPE = YES_ERROR;
				GCC_WARN_UNDECLARED_SELECTOR = YES;
				GCC_WARN_UNINITIALIZED_AUTOS = YES_AGGRESSIVE;
				GCC_WARN_UNUSED_FUNCTION = YES;
				GCC_WARN_UNUSED_VARIABLE = YES;
				IPHONEOS_DEPLOYMENT_TARGET = 9.1;
				MTL_ENABLE_DEBUG_INFO = NO;
				SDKROOT = iphoneos;
				TARGETED_DEVICE_FAMILY = "1,2";
				VALIDATE_PRODUCT = YES;
			};
			name = Release;
		};
		146342E51C18637100BED3D5 /* Debug */ = {
			isa = XCBuildConfiguration;
			buildSettings = {
				ASSETCATALOG_COMPILER_APPICON_NAME = AppIcon;
				INFOPLIST_FILE = UITestDemo/Info.plist;
				LD_RUNPATH_SEARCH_PATHS = "$(inherited) @executable_path/Frameworks";
				PRODUCT_BUNDLE_IDENTIFIER = com.UITestDemo;
				PRODUCT_NAME = "$(TARGET_NAME)";
			};
			name = Debug;
		};
		146342E61C18637100BED3D5 /* Release */ = {
			isa = XCBuildConfiguration;
			buildSettings = {
				ASSETCATALOG_COMPILER_APPICON_NAME = AppIcon;
				INFOPLIST_FILE = UITestDemo/Info.plist;
				LD_RUNPATH_SEARCH_PATHS = "$(inherited) @executable_path/Frameworks";
				PRODUCT_BUNDLE_IDENTIFIER = com.UITestDemo;
				PRODUCT_NAME = "$(TARGET_NAME)";
			};
			name = Release;
		};
		146342E81C18637100BED3D5 /* Debug */ = {
			isa = XCBuildConfiguration;
			buildSettings = {
				INFOPLIST_FILE = UITestDemoUITests/Info.plist;
				LD_RUNPATH_SEARCH_PATHS = "$(inherited) @executable_path/Frameworks @loader_path/Frameworks";
				PRODUCT_BUNDLE_IDENTIFIER = com.UITestDemoUITests;
				PRODUCT_NAME = "$(TARGET_NAME)";
				TEST_TARGET_NAME = UITestDemo;
				USES_XCTRUNNER = YES;
			};
			name = Debug;
		};
		146342E91C18637100BED3D5 /* Release */ = {
			isa = XCBuildConfiguration;
			buildSettings = {
				INFOPLIST_FILE = UITestDemoUITests/Info.plist;
				LD_RUNPATH_SEARCH_PATHS = "$(inherited) @executable_path/Frameworks @loader_path/Frameworks";
				PRODUCT_BUNDLE_IDENTIFIER = com.UITestDemoUITests;
				PRODUCT_NAME = "$(TARGET_NAME)";
				TEST_TARGET_NAME = UITestDemo;
				USES_XCTRUNNER = YES;
			};
			name = Release;
		};
/* End XCBuildConfiguration section */

/* Begin XCConfigurationList section */
		146342BD1C18637100BED3D5 /* Build configuration list for PBXProject "UITestDemo" */ = {
			isa = XCConfigurationList;
			buildConfigurations = (
				146342E21C18637100BED3D5 /* Debug */,
				146342E31C18637100BED3D5 /* Release */,
			);
			defaultConfigurationIsVisible = 0;
			defaultConfigurationName = Release;
		};
		146342E41C18637100BED3D5 /* Build configuration list for PBXNativeTarget "UITestDemo" */ = {
			isa = XCConfigurationList;
			buildConfigurations = (
				146342E51C18637100BED3D5 /* Debug */,
				146342E61C18637100BED3D5 /* Release */,
			);
			defaultConfigurationIsVisible = 0;
		};
		146342E71C18637100BED3D5 /* Build configuration list for PBXNativeTarget "UITestDemoUITests" */ = {
			isa = XCConfigurationList;
			buildConfigurations = (
				146342E81C18637100BED3D5 /* Debug */,
				146342E91C18637100BED3D5 /* Release */,
			);
			defaultConfigurationIsVisible = 0;
		};
/* End XCConfigurationList section */
	};
	rootObject = 146342BA1C18637100BED3D5 /* Project object */;
}
